
Microsoft Visual Studio Solution File, Format Version 12.00
# Visual Studio Version 16
VisualStudioVersion = 16.0.29418.71
MinimumVisualStudioVersion = 10.0.40219.1
Project("{FAE04EC0-301F-11D3-BF4B-00C04F79EFBC}") = "BlackPearl.API", "BlackPearl.API\BlackPearl.API.csproj", "{241CC9EC-8692-455F-86A2-0257CF3E38B8}"
EndProject
Project("{FAE04EC0-301F-11D3-BF4B-00C04F79EFBC}") = "BlackPearl.Core", "BlackPearl.Core\BlackPearl.Core.csproj", "{A608C51A-4086-4CAD-8279-AEF06306CD57}"
EndProject
Global
	GlobalSection(SolutionConfigurationPlatforms) = preSolution
		Debug|Any CPU = Debug|Any CPU
		Release|Any CPU = Release|Any CPU
	EndGlobalSection
	GlobalSection(ProjectConfigurationPlatforms) = postSolution
		{241CC9EC-8692-455F-86A2-0257CF3E38B8}.Debug|Any CPU.ActiveCfg = Debug|Any CPU
		{241CC9EC-8692-455F-86A2-0257CF3E38B8}.Debug|Any CPU.Build.0 = Debug|Any CPU
		{241CC9EC-8692-455F-86A2-0257CF3E38B8}.Release|Any CPU.ActiveCfg = Release|Any CPU
		{241CC9EC-8692-455F-86A2-0257CF3E38B8}.Release|Any CPU.Build.0 = Release|Any CPU
		{A608C51A-4086-4CAD-8279-AEF06306CD57}.Debug|Any CPU.ActiveCfg = Debug|Any CPU
		{A608C51A-4086-4CAD-8279-AEF06306CD57}.Debug|Any CPU.Build.0 = Debug|Any CPU
		{A608C51A-4086-4CAD-8279-AEF06306CD57}.Release|Any CPU.ActiveCfg = Release|Any CPU
		{A608C51A-4086-4CAD-8279-AEF06306CD57}.Release|Any CPU.Build.0 = Release|Any CPU
	EndGlobalSection
	GlobalSection(SolutionProperties) = preSolution
		HideSolutionNode = FALSE
	EndGlobalSection
	GlobalSection(ExtensibilityGlobals) = postSolution
		SolutionGuid = {7B294435-D7F4-4893-A24B-94A8D4E7907B}
	EndGlobalSection
EndGlobal
